
Microsoft Visual Studio Solution File, Format Version 11.00
# Visual Studio 2010
Project("{FAE04EC0-301F-11D3-BF4B-00C04F79EFBC}") = "Ninject.Extensions.Xml", "Ninject.Extensions.Xml\Ninject.Extensions.Xml.csproj", "{4F3C09EF-016E-4B05-AB74-42214C8AAEA2}"
EndProject
Project("{FAE04EC0-301F-11D3-BF4B-00C04F79EFBC}") = "Ninject.Extensions.Xml.Test", "Ninject.Extensions.Xml.Test\Ninject.Extensions.Xml.Test.csproj", "{491EF6DE-86C0-40CE-962F-3B4D097A1730}"
EndProject
Global
	GlobalSection(SolutionConfigurationPlatforms) = preSolution
		Debug|Any CPU = Debug|Any CPU
		Release|Any CPU = Release|Any CPU
	EndGlobalSection
	GlobalSection(ProjectConfigurationPlatforms) = postSolution
		{4F3C09EF-016E-4B05-AB74-42214C8AAEA2}.Debug|Any CPU.ActiveCfg = Debug|Any CPU
		{4F3C09EF-016E-4B05-AB74-42214C8AAEA2}.Debug|Any CPU.Build.0 = Debug|Any CPU
		{4F3C09EF-016E-4B05-AB74-42214C8AAEA2}.Release|Any CPU.ActiveCfg = Release|Any CPU
		{4F3C09EF-016E-4B05-AB74-42214C8AAEA2}.Release|Any CPU.Build.0 = Release|Any CPU
		{491EF6DE-86C0-40CE-962F-3B4D097A1730}.Debug|Any CPU.ActiveCfg = Debug|Any CPU
		{491EF6DE-86C0-40CE-962F-3B4D097A1730}.Debug|Any CPU.Build.0 = Debug|Any CPU
		{491EF6DE-86C0-40CE-962F-3B4D097A1730}.Release|Any CPU.ActiveCfg = Release|Any CPU
		{491EF6DE-86C0-40CE-962F-3B4D097A1730}.Release|Any CPU.Build.0 = Release|Any CPU
	EndGlobalSection
	GlobalSection(SolutionProperties) = preSolution
		HideSolutionNode = FALSE
	EndGlobalSection
EndGlobal
