
Microsoft Visual Studio Solution File, Format Version 12.00
# Visual Studio 15
VisualStudioVersion = 15.0.27004.2002
MinimumVisualStudioVersion = 10.0.40219.1
Project("{9A19103F-16F7-4668-BE54-9A1E7A4F7556}") = "Ninject.Extensions.Xml", "Ninject.Extensions.Xml\Ninject.Extensions.Xml.csproj", "{4F3C09EF-016E-4B05-AB74-42214C8AAEA2}"
EndProject
Project("{9A19103F-16F7-4668-BE54-9A1E7A4F7556}") = "Ninject.Extensions.Xml.Test", "Ninject.Extensions.Xml.Test\Ninject.Extensions.Xml.Test.csproj", "{491EF6DE-86C0-40CE-962F-3B4D097A1730}"
EndProject
Project("{2150E333-8FDC-42A3-9474-1A3956D46DE8}") = "Solution Items", "Solution Items", "{F364531E-6046-4E01-A5CE-8F5D91DD6875}"
	ProjectSection(SolutionItems) = preProject
		..\appveyor.yml = ..\appveyor.yml
		..\CHANGELOG.md = ..\CHANGELOG.md
		..\README.md = ..\README.md
	EndProjectSection
EndProject
Global
	GlobalSection(SolutionConfigurationPlatforms) = preSolution
		Debug|Any CPU = Debug|Any CPU
		Release|Any CPU = Release|Any CPU
	EndGlobalSection
	GlobalSection(ProjectConfigurationPlatforms) = postSolution
		{4F3C09EF-016E-4B05-AB74-42214C8AAEA2}.Debug|Any CPU.ActiveCfg = Debug|Any CPU
		{4F3C09EF-016E-4B05-AB74-42214C8AAEA2}.Debug|Any CPU.Build.0 = Debug|Any CPU
		{4F3C09EF-016E-4B05-AB74-42214C8AAEA2}.Release|Any CPU.ActiveCfg = Release|Any CPU
		{4F3C09EF-016E-4B05-AB74-42214C8AAEA2}.Release|Any CPU.Build.0 = Release|Any CPU
		{491EF6DE-86C0-40CE-962F-3B4D097A1730}.Debug|Any CPU.ActiveCfg = Debug|Any CPU
		{491EF6DE-86C0-40CE-962F-3B4D097A1730}.Debug|Any CPU.Build.0 = Debug|Any CPU
		{491EF6DE-86C0-40CE-962F-3B4D097A1730}.Release|Any CPU.ActiveCfg = Release|Any CPU
		{491EF6DE-86C0-40CE-962F-3B4D097A1730}.Release|Any CPU.Build.0 = Release|Any CPU
	EndGlobalSection
	GlobalSection(SolutionProperties) = preSolution
		HideSolutionNode = FALSE
	EndGlobalSection
	GlobalSection(ExtensibilityGlobals) = postSolution
		SolutionGuid = {D1B58B44-3D3F-4130-B9BB-9F74D372C958}
	EndGlobalSection
EndGlobal
